// !$*UTF8*$!
{
	archiveVersion = 1;
	classes = {
	};
	objectVersion = 56;
	objects = {

/* Begin PBXBuildFile section */
		F30547BE28DCDAB600349F7C /* BMI.swift in Sources */ = {isa = PBXBuildFile; fileRef = F30547BD28DCDAB600349F7C /* BMI.swift */; };
		F395EAC428DCD3DC00EBBD2B /* CalculatorBrain.swift in Sources */ = {isa = PBXBuildFile; fileRef = F395EAC328DCD3DC00EBBD2B /* CalculatorBrain.swift */; };
		F395EAC928DCD6E100EBBD2B /* ResultViewController.swift in Sources */ = {isa = PBXBuildFile; fileRef = F395EAC828DCD6E100EBBD2B /* ResultViewController.swift */; };
		F399BD8428DCAEF800043DD5 /* AppDelegate.swift in Sources */ = {isa = PBXBuildFile; fileRef = F399BD8328DCAEF800043DD5 /* AppDelegate.swift */; };
		F399BD8628DCAEF800043DD5 /* SceneDelegate.swift in Sources */ = {isa = PBXBuildFile; fileRef = F399BD8528DCAEF800043DD5 /* SceneDelegate.swift */; };
		F399BD8828DCAEF800043DD5 /* CalculateController.swift in Sources */ = {isa = PBXBuildFile; fileRef = F399BD8728DCAEF800043DD5 /* CalculateController.swift */; };
		F399BD8B28DCAEF800043DD5 /* Main.storyboard in Resources */ = {isa = PBXBuildFile; fileRef = F399BD8928DCAEF800043DD5 /* Main.storyboard */; };
		F399BD8D28DCAEF900043DD5 /* Assets.xcassets in Resources */ = {isa = PBXBuildFile; fileRef = F399BD8C28DCAEF900043DD5 /* Assets.xcassets */; };
		F399BD9028DCAEF900043DD5 /* LaunchScreen.storyboard in Resources */ = {isa = PBXBuildFile; fileRef = F399BD8E28DCAEF900043DD5 /* LaunchScreen.storyboard */; };
/* End PBXBuildFile section */

/* Begin PBXFileReference section */
		F30547BD28DCDAB600349F7C /* BMI.swift */ = {isa = PBXFileReference; lastKnownFileType = sourcecode.swift; path = BMI.swift; sourceTree = "<group>"; };
		F395EAC328DCD3DC00EBBD2B /* CalculatorBrain.swift */ = {isa = PBXFileReference; lastKnownFileType = sourcecode.swift; path = CalculatorBrain.swift; sourceTree = "<group>"; };
		F395EAC828DCD6E100EBBD2B /* ResultViewController.swift */ = {isa = PBXFileReference; lastKnownFileType = sourcecode.swift; path = ResultViewController.swift; sourceTree = "<group>"; };
		F399BD8028DCAEF800043DD5 /* BMI Calculator.app */ = {isa = PBXFileReference; explicitFileType = wrapper.application; includeInIndex = 0; path = "BMI Calculator.app"; sourceTree = BUILT_PRODUCTS_DIR; };
		F399BD8328DCAEF800043DD5 /* AppDelegate.swift */ = {isa = PBXFileReference; lastKnownFileType = sourcecode.swift; path = AppDelegate.swift; sourceTree = "<group>"; };
		F399BD8528DCAEF800043DD5 /* SceneDelegate.swift */ = {isa = PBXFileReference; lastKnownFileType = sourcecode.swift; path = SceneDelegate.swift; sourceTree = "<group>"; };
		F399BD8728DCAEF800043DD5 /* CalculateController.swift */ = {isa = PBXFileReference; lastKnownFileType = sourcecode.swift; path = CalculateController.swift; sourceTree = "<group>"; };
		F399BD8A28DCAEF800043DD5 /* Base */ = {isa = PBXFileReference; lastKnownFileType = file.storyboard; name = Base; path = Base.lproj/Main.storyboard; sourceTree = "<group>"; };
		F399BD8C28DCAEF900043DD5 /* Assets.xcassets */ = {isa = PBXFileReference; lastKnownFileType = folder.assetcatalog; path = Assets.xcassets; sourceTree = "<group>"; };
		F399BD8F28DCAEF900043DD5 /* Base */ = {isa = PBXFileReference; lastKnownFileType = file.storyboard; name = Base; path = Base.lproj/LaunchScreen.storyboard; sourceTree = "<group>"; };
		F399BD9128DCAEF900043DD5 /* Info.plist */ = {isa = PBXFileReference; lastKnownFileType = text.plist.xml; path = Info.plist; sourceTree = "<group>"; };
/* End PBXFileReference section */

/* Begin PBXFrameworksBuildPhase section */
		F399BD7D28DCAEF800043DD5 /* Frameworks */ = {
			isa = PBXFrameworksBuildPhase;
			buildActionMask = 2147483647;
			files = (
			);
			runOnlyForDeploymentPostprocessing = 0;
		};
/* End PBXFrameworksBuildPhase section */

/* Begin PBXGroup section */
		F395EAC528DCD3E100EBBD2B /* Models */ = {
			isa = PBXGroup;
			children = (
				F395EAC328DCD3DC00EBBD2B /* CalculatorBrain.swift */,
				F30547BD28DCDAB600349F7C /* BMI.swift */,
			);
			path = Models;
			sourceTree = "<group>";
		};
		F399BD7728DCAEF800043DD5 = {
			isa = PBXGroup;
			children = (
				F399BD8228DCAEF800043DD5 /* BMI Calculator */,
				F399BD8128DCAEF800043DD5 /* Products */,
			);
			sourceTree = "<group>";
		};
		F399BD8128DCAEF800043DD5 /* Products */ = {
			isa = PBXGroup;
			children = (
				F399BD8028DCAEF800043DD5 /* BMI Calculator.app */,
			);
			name = Products;
			sourceTree = "<group>";
		};
		F399BD8228DCAEF800043DD5 /* BMI Calculator */ = {
			isa = PBXGroup;
			children = (
				F399BD8328DCAEF800043DD5 /* AppDelegate.swift */,
				F399BD8528DCAEF800043DD5 /* SceneDelegate.swift */,
				F395EAC528DCD3E100EBBD2B /* Models */,
				F399BD9728DCAF7600043DD5 /* Views */,
				F399BD9828DCCB4300043DD5 /* Controllers */,
				F399BD8C28DCAEF900043DD5 /* Assets.xcassets */,
				F399BD8E28DCAEF900043DD5 /* LaunchScreen.storyboard */,
				F399BD9128DCAEF900043DD5 /* Info.plist */,
			);
			path = "BMI Calculator";
			sourceTree = "<group>";
		};
		F399BD9728DCAF7600043DD5 /* Views */ = {
			isa = PBXGroup;
			children = (
				F399BD8928DCAEF800043DD5 /* Main.storyboard */,
			);
			path = Views;
			sourceTree = "<group>";
		};
		F399BD9828DCCB4300043DD5 /* Controllers */ = {
			isa = PBXGroup;
			children = (
				F399BD8728DCAEF800043DD5 /* CalculateController.swift */,
				F395EAC828DCD6E100EBBD2B /* ResultViewController.swift */,
			);
			path = Controllers;
			sourceTree = "<group>";
		};
/* End PBXGroup section */

/* Begin PBXNativeTarget section */
		F399BD7F28DCAEF800043DD5 /* BMI Calculator */ = {
			isa = PBXNativeTarget;
			buildConfigurationList = F399BD9428DCAEF900043DD5 /* Build configuration list for PBXNativeTarget "BMI Calculator" */;
			buildPhases = (
				F399BD7C28DCAEF800043DD5 /* Sources */,
				F399BD7D28DCAEF800043DD5 /* Frameworks */,
				F399BD7E28DCAEF800043DD5 /* Resources */,
			);
			buildRules = (
			);
			dependencies = (
			);
			name = "BMI Calculator";
			productName = "BMI Calculator";
			productReference = F399BD8028DCAEF800043DD5 /* BMI Calculator.app */;
			productType = "com.apple.product-type.application";
		};
/* End PBXNativeTarget section */

/* Begin PBXProject section */
		F399BD7828DCAEF800043DD5 /* Project object */ = {
			isa = PBXProject;
			attributes = {
				BuildIndependentTargetsInParallel = 1;
				LastSwiftUpdateCheck = 1400;
				LastUpgradeCheck = 1400;
				TargetAttributes = {
					F399BD7F28DCAEF800043DD5 = {
						CreatedOnToolsVersion = 14.0;
					};
				};
			};
			buildConfigurationList = F399BD7B28DCAEF800043DD5 /* Build configuration list for PBXProject "BMI Calculator" */;
			compatibilityVersion = "Xcode 14.0";
			developmentRegion = en;
			hasScannedForEncodings = 0;
			knownRegions = (
				en,
				Base,
			);
			mainGroup = F399BD7728DCAEF800043DD5;
			productRefGroup = F399BD8128DCAEF800043DD5 /* Products */;
			projectDirPath = "";
			projectRoot = "";
			targets = (
				F399BD7F28DCAEF800043DD5 /* BMI Calculator */,
			);
		};
/* End PBXProject section */

/* Begin PBXResourcesBuildPhase section */
		F399BD7E28DCAEF800043DD5 /* Resources */ = {
			isa = PBXResourcesBuildPhase;
			buildActionMask = 2147483647;
			files = (
				F399BD9028DCAEF900043DD5 /* LaunchScreen.storyboard in Resources */,
				F399BD8D28DCAEF900043DD5 /* Assets.xcassets in Resources */,
				F399BD8B28DCAEF800043DD5 /* Main.storyboard in Resources */,
			);
			runOnlyForDeploymentPostprocessing = 0;
		};
/* End PBXResourcesBuildPhase section */

/* Begin PBXSourcesBuildPhase section */
		F399BD7C28DCAEF800043DD5 /* Sources */ = {
			isa = PBXSourcesBuildPhase;
			buildActionMask = 2147483647;
			files = (
				F395EAC928DCD6E100EBBD2B /* ResultViewController.swift in Sources */,
				F399BD8828DCAEF800043DD5 /* CalculateController.swift in Sources */,
				F399BD8428DCAEF800043DD5 /* AppDelegate.swift in Sources */,
				F395EAC428DCD3DC00EBBD2B /* CalculatorBrain.swift in Sources */,
				F30547BE28DCDAB600349F7C /* BMI.swift in Sources */,
				F399BD8628DCAEF800043DD5 /* SceneDelegate.swift in Sources */,
			);
			runOnlyForDeploymentPostprocessing = 0;
		};
/* End PBXSourcesBuildPhase section */

/* Begin PBXVariantGroup section */
		F399BD8928DCAEF800043DD5 /* Main.storyboard */ = {
			isa = PBXVariantGroup;
			children = (
				F399BD8A28DCAEF800043DD5 /* Base */,
			);
			name = Main.storyboard;
			sourceTree = "<group>";
		};
		F399BD8E28DCAEF900043DD5 /* LaunchScreen.storyboard */ = {
			isa = PBXVariantGroup;
			children = (
				F399BD8F28DCAEF900043DD5 /* Base */,
			);
			name = LaunchScreen.storyboard;
			sourceTree = "<group>";
		};
/* End PBXVariantGroup section */

/* Begin XCBuildConfiguration section */
		F399BD9228DCAEF900043DD5 /* Debug */ = {
			isa = XCBuildConfiguration;
			buildSettings = {
				ALWAYS_SEARCH_USER_PATHS = NO;
				CLANG_ANALYZER_NONNULL = YES;
				CLANG_ANALYZER_NUMBER_OBJECT_CONVERSION = YES_AGGRESSIVE;
				CLANG_CXX_LANGUAGE_STANDARD = "gnu++20";
				CLANG_ENABLE_MODULES = YES;
				CLANG_ENABLE_OBJC_ARC = YES;
				CLANG_ENABLE_OBJC_WEAK = YES;
				CLANG_WARN_BLOCK_CAPTURE_AUTORELEASING = YES;
				CLANG_WARN_BOOL_CONVERSION = YES;
				CLANG_WARN_COMMA = YES;
				CLANG_WARN_CONSTANT_CONVERSION = YES;
				CLANG_WARN_DEPRECATED_OBJC_IMPLEMENTATIONS = YES;
				CLANG_WARN_DIRECT_OBJC_ISA_USAGE = YES_ERROR;
				CLANG_WARN_DOCUMENTATION_COMMENTS = YES;
				CLANG_WARN_EMPTY_BODY = YES;
				CLANG_WARN_ENUM_CONVERSION = YES;
				CLANG_WARN_INFINITE_RECURSION = YES;
				CLANG_WARN_INT_CONVERSION = YES;
				CLANG_WARN_NON_LITERAL_NULL_CONVERSION = YES;
				CLANG_WARN_OBJC_IMPLICIT_RETAIN_SELF = YES;
				CLANG_WARN_OBJC_LITERAL_CONVERSION = YES;
				CLANG_WARN_OBJC_ROOT_CLASS = YES_ERROR;
				CLANG_WARN_QUOTED_INCLUDE_IN_FRAMEWORK_HEADER = YES;
				CLANG_WARN_RANGE_LOOP_ANALYSIS = YES;
				CLANG_WARN_STRICT_PROTOTYPES = YES;
				CLANG_WARN_SUSPICIOUS_MOVE = YES;
				CLANG_WARN_UNGUARDED_AVAILABILITY = YES_AGGRESSIVE;
				CLANG_WARN_UNREACHABLE_CODE = YES;
				CLANG_WARN__DUPLICATE_METHOD_MATCH = YES;
				COPY_PHASE_STRIP = NO;
				DEBUG_INFORMATION_FORMAT = dwarf;
				ENABLE_STRICT_OBJC_MSGSEND = YES;
				ENABLE_TESTABILITY = YES;
				GCC_C_LANGUAGE_STANDARD = gnu11;
				GCC_DYNAMIC_NO_PIC = NO;
				GCC_NO_COMMON_BLOCKS = YES;
				GCC_OPTIMIZATION_LEVEL = 0;
				GCC_PREPROCESSOR_DEFINITIONS = (
					"DEBUG=1",
					"$(inherited)",
				);
				GCC_WARN_64_TO_32_BIT_CONVERSION = YES;
				GCC_WARN_ABOUT_RETURN_TYPE = YES_ERROR;
				GCC_WARN_UNDECLARED_SELECTOR = YES;
				GCC_WARN_UNINITIALIZED_AUTOS = YES_AGGRESSIVE;
				GCC_WARN_UNUSED_FUNCTION = YES;
				GCC_WARN_UNUSED_VARIABLE = YES;
				IPHONEOS_DEPLOYMENT_TARGET = 16.0;
				MTL_ENABLE_DEBUG_INFO = INCLUDE_SOURCE;
				MTL_FAST_MATH = YES;
				ONLY_ACTIVE_ARCH = YES;
				SDKROOT = iphoneos;
				SWIFT_ACTIVE_COMPILATION_CONDITIONS = DEBUG;
				SWIFT_OPTIMIZATION_LEVEL = "-Onone";
			};
			name = Debug;
		};
		F399BD9328DCAEF900043DD5 /* Release */ = {
			isa = XCBuildConfiguration;
			buildSettings = {
				ALWAYS_SEARCH_USER_PATHS = NO;
				CLANG_ANALYZER_NONNULL = YES;
				CLANG_ANALYZER_NUMBER_OBJECT_CONVERSION = YES_AGGRESSIVE;
				CLANG_CXX_LANGUAGE_STANDARD = "gnu++20";
				CLANG_ENABLE_MODULES = YES;
				CLANG_ENABLE_OBJC_ARC = YES;
				CLANG_ENABLE_OBJC_WEAK = YES;
				CLANG_WARN_BLOCK_CAPTURE_AUTORELEASING = YES;
				CLANG_WARN_BOOL_CONVERSION = YES;
				CLANG_WARN_COMMA = YES;
				CLANG_WARN_CONSTANT_CONVERSION = YES;
				CLANG_WARN_DEPRECATED_OBJC_IMPLEMENTATIONS = YES;
				CLANG_WARN_DIRECT_OBJC_ISA_USAGE = YES_ERROR;
				CLANG_WARN_DOCUMENTATION_COMMENTS = YES;
				CLANG_WARN_EMPTY_BODY = YES;
				CLANG_WARN_ENUM_CONVERSION = YES;
				CLANG_WARN_INFINITE_RECURSION = YES;
				CLANG_WARN_INT_CONVERSION = YES;
				CLANG_WARN_NON_LITERAL_NULL_CONVERSION = YES;
				CLANG_WARN_OBJC_IMPLICIT_RETAIN_SELF = YES;
				CLANG_WARN_OBJC_LITERAL_CONVERSION = YES;
				CLANG_WARN_OBJC_ROOT_CLASS = YES_ERROR;
				CLANG_WARN_QUOTED_INCLUDE_IN_FRAMEWORK_HEADER = YES;
				CLANG_WARN_RANGE_LOOP_ANALYSIS = YES;
				CLANG_WARN_STRICT_PROTOTYPES = YES;
				CLANG_WARN_SUSPICIOUS_MOVE = YES;
				CLANG_WARN_UNGUARDED_AVAILABILITY = YES_AGGRESSIVE;
				CLANG_WARN_UNREACHABLE_CODE = YES;
				CLANG_WARN__DUPLICATE_METHOD_MATCH = YES;
				COPY_PHASE_STRIP = NO;
				DEBUG_INFORMATION_FORMAT = "dwarf-with-dsym";
				ENABLE_NS_ASSERTIONS = NO;
				ENABLE_STRICT_OBJC_MSGSEND = YES;
				GCC_C_LANGUAGE_STANDARD = gnu11;
				GCC_NO_COMMON_BLOCKS = YES;
				GCC_WARN_64_TO_32_BIT_CONVERSION = YES;
				GCC_WARN_ABOUT_RETURN_TYPE = YES_ERROR;
				GCC_WARN_UNDECLARED_SELECTOR = YES;
				GCC_WARN_UNINITIALIZED_AUTOS = YES_AGGRESSIVE;
				GCC_WARN_UNUSED_FUNCTION = YES;
				GCC_WARN_UNUSED_VARIABLE = YES;
				IPHONEOS_DEPLOYMENT_TARGET = 16.0;
				MTL_ENABLE_DEBUG_INFO = NO;
				MTL_FAST_MATH = YES;
				SDKROOT = iphoneos;
				SWIFT_COMPILATION_MODE = wholemodule;
				SWIFT_OPTIMIZATION_LEVEL = "-O";
				VALIDATE_PRODUCT = YES;
			};
			name = Release;
		};
		F399BD9528DCAEF900043DD5 /* Debug */ = {
			isa = XCBuildConfiguration;
			buildSettings = {
				ASSETCATALOG_COMPILER_APPICON_NAME = AppIcon;
				ASSETCATALOG_COMPILER_GLOBAL_ACCENT_COLOR_NAME = AccentColor;
				CODE_SIGN_STYLE = Automatic;
				CURRENT_PROJECT_VERSION = 1;
				GENERATE_INFOPLIST_FILE = YES;
				INFOPLIST_FILE = "BMI Calculator/Info.plist";
				INFOPLIST_KEY_LSApplicationCategoryType = "public.app-category.healthcare-fitness";
				INFOPLIST_KEY_UIApplicationSupportsIndirectInputEvents = YES;
				INFOPLIST_KEY_UILaunchStoryboardName = LaunchScreen;
				INFOPLIST_KEY_UIMainStoryboardFile = Main;
				INFOPLIST_KEY_UISupportedInterfaceOrientations_iPad = "UIInterfaceOrientationPortrait UIInterfaceOrientationPortraitUpsideDown UIInterfaceOrientationLandscapeLeft UIInterfaceOrientationLandscapeRight";
				INFOPLIST_KEY_UISupportedInterfaceOrientations_iPhone = "UIInterfaceOrientationPortrait UIInterfaceOrientationLandscapeLeft UIInterfaceOrientationLandscapeRight";
				IPHONEOS_DEPLOYMENT_TARGET = 13.0;
				LD_RUNPATH_SEARCH_PATHS = (
					"$(inherited)",
					"@executable_path/Frameworks",
				);
				MARKETING_VERSION = 1.0;
				PRODUCT_BUNDLE_IDENTIFIER = "com.digantasom.BMI-Calculator";
				PRODUCT_NAME = "$(TARGET_NAME)";
				SWIFT_EMIT_LOC_STRINGS = YES;
				SWIFT_VERSION = 5.0;
				TARGETED_DEVICE_FAMILY = "1,2";
			};
			name = Debug;
		};
		F399BD9628DCAEF900043DD5 /* Release */ = {
			isa = XCBuildConfiguration;
			buildSettings = {
				ASSETCATALOG_COMPILER_APPICON_NAME = AppIcon;
				ASSETCATALOG_COMPILER_GLOBAL_ACCENT_COLOR_NAME = AccentColor;
				CODE_SIGN_STYLE = Automatic;
				CURRENT_PROJECT_VERSION = 1;
				GENERATE_INFOPLIST_FILE = YES;
				INFOPLIST_FILE = "BMI Calculator/Info.plist";
				INFOPLIST_KEY_LSApplicationCategoryType = "public.app-category.healthcare-fitness";
				INFOPLIST_KEY_UIApplicationSupportsIndirectInputEvents = YES;
				INFOPLIST_KEY_UILaunchStoryboardName = LaunchScreen;
				INFOPLIST_KEY_UIMainStoryboardFile = Main;
				INFOPLIST_KEY_UISupportedInterfaceOrientations_iPad = "UIInterfaceOrientationPortrait UIInterfaceOrientationPortraitUpsideDown UIInterfaceOrientationLandscapeLeft UIInterfaceOrientationLandscapeRight";
				INFOPLIST_KEY_UISupportedInterfaceOrientations_iPhone = "UIInterfaceOrientationPortrait UIInterfaceOrientationLandscapeLeft UIInterfaceOrientationLandscapeRight";
				IPHONEOS_DEPLOYMENT_TARGET = 13.0;
				LD_RUNPATH_SEARCH_PATHS = (
					"$(inherited)",
					"@executable_path/Frameworks",
				);
				MARKETING_VERSION = 1.0;
				PRODUCT_BUNDLE_IDENTIFIER = "com.digantasom.BMI-Calculator";
				PRODUCT_NAME = "$(TARGET_NAME)";
				SWIFT_EMIT_LOC_STRINGS = YES;
				SWIFT_VERSION = 5.0;
				TARGETED_DEVICE_FAMILY = "1,2";
			};
			name = Release;
		};
/* End XCBuildConfiguration section */

/* Begin XCConfigurationList section */
		F399BD7B28DCAEF800043DD5 /* Build configuration list for PBXProject "BMI Calculator" */ = {
			isa = XCConfigurationList;
			buildConfigurations = (
				F399BD9228DCAEF900043DD5 /* Debug */,
				F399BD9328DCAEF900043DD5 /* Release */,
			);
			defaultConfigurationIsVisible = 0;
			defaultConfigurationName = Release;
		};
		F399BD9428DCAEF900043DD5 /* Build configuration list for PBXNativeTarget "BMI Calculator" */ = {
			isa = XCConfigurationList;
			buildConfigurations = (
				F399BD9528DCAEF900043DD5 /* Debug */,
				F399BD9628DCAEF900043DD5 /* Release */,
			);
			defaultConfigurationIsVisible = 0;
			defaultConfigurationName = Release;
		};
/* End XCConfigurationList section */
	};
	rootObject = F399BD7828DCAEF800043DD5 /* Project object */;
}
